
Microsoft Visual Studio Solution File, Format Version 12.00
# Visual Studio Version 16
VisualStudioVersion = 16.0.33927.289
MinimumVisualStudioVersion = 10.0.40219.1
Project("{FAE04EC0-301F-11D3-BF4B-00C04F79EFBC}") = "WindowsFormsApp1", "WindowsFormsApp1\WindowsFormsApp1.csproj", "{0FB12995-B061-49F3-BF16-AC7F104398E3}"
EndProject
Global
	GlobalSection(SolutionConfigurationPlatforms) = preSolution
		Debug|Any CPU = Debug|Any CPU
		Release|Any CPU = Release|Any CPU
	EndGlobalSection
	GlobalSection(ProjectConfigurationPlatforms) = postSolution
		{0FB12995-B061-49F3-BF16-AC7F104398E3}.Debug|Any CPU.ActiveCfg = Debug|Any CPU
		{0FB12995-B061-49F3-BF16-AC7F104398E3}.Debug|Any CPU.Build.0 = Debug|Any CPU
		{0FB12995-B061-49F3-BF16-AC7F104398E3}.Release|Any CPU.ActiveCfg = Release|Any CPU
		{0FB12995-B061-49F3-BF16-AC7F104398E3}.Release|Any CPU.Build.0 = Release|Any CPU
	EndGlobalSection
	GlobalSection(SolutionProperties) = preSolution
		HideSolutionNode = FALSE
	EndGlobalSection
	GlobalSection(ExtensibilityGlobals) = postSolution
		SolutionGuid = {19113EBC-90EF-48A3-BA74-966D096606A0}
	EndGlobalSection
EndGlobal
